
Microsoft Visual Studio Solution File, Format Version 12.00
# Visual Studio Version 17
VisualStudioVersion = 17.3.32825.248
MinimumVisualStudioVersion = 10.0.40219.1
Project("{FAE04EC0-301F-11D3-BF4B-00C04F79EFBC}") = "ApiNetPanaderia", "ApiNetPanaderia.csproj", "{ABD057C8-9A83-402A-AE6C-A6BFED6C2B4D}"
EndProject
Global
	GlobalSection(SolutionConfigurationPlatforms) = preSolution
		Debug|Any CPU = Debug|Any CPU
		Release|Any CPU = Release|Any CPU
	EndGlobalSection
	GlobalSection(ProjectConfigurationPlatforms) = postSolution
		{ABD057C8-9A83-402A-AE6C-A6BFED6C2B4D}.Debug|Any CPU.ActiveCfg = Debug|Any CPU
		{ABD057C8-9A83-402A-AE6C-A6BFED6C2B4D}.Debug|Any CPU.Build.0 = Debug|Any CPU
		{ABD057C8-9A83-402A-AE6C-A6BFED6C2B4D}.Release|Any CPU.ActiveCfg = Release|Any CPU
		{ABD057C8-9A83-402A-AE6C-A6BFED6C2B4D}.Release|Any CPU.Build.0 = Release|Any CPU
	EndGlobalSection
	GlobalSection(SolutionProperties) = preSolution
		HideSolutionNode = FALSE
	EndGlobalSection
	GlobalSection(ExtensibilityGlobals) = postSolution
		SolutionGuid = {43DD80A9-BA09-4F5C-9B33-8BB18154C04A}
	EndGlobalSection
EndGlobal
